
Microsoft Visual Studio Solution File, Format Version 11.00
# Visual Studio 2010
Project("{FAE04EC0-301F-11D3-BF4B-00C04F79EFBC}") = "PrimerCas4", "PrimerCas4.csproj", "{B2D77F5C-9C0F-4CCD-81BC-246CA1A94DD1}"
EndProject
Global
	GlobalSection(SolutionConfigurationPlatforms) = preSolution
		Debug|x86 = Debug|x86
		Release|x86 = Release|x86
	EndGlobalSection
	GlobalSection(ProjectConfigurationPlatforms) = postSolution
		{B2D77F5C-9C0F-4CCD-81BC-246CA1A94DD1}.Debug|x86.ActiveCfg = Debug|x86
		{B2D77F5C-9C0F-4CCD-81BC-246CA1A94DD1}.Debug|x86.Build.0 = Debug|x86
		{B2D77F5C-9C0F-4CCD-81BC-246CA1A94DD1}.Release|x86.ActiveCfg = Release|x86
		{B2D77F5C-9C0F-4CCD-81BC-246CA1A94DD1}.Release|x86.Build.0 = Release|x86
	EndGlobalSection
	GlobalSection(SolutionProperties) = preSolution
		HideSolutionNode = FALSE
	EndGlobalSection
EndGlobal
