
Microsoft Visual Studio Solution File, Format Version 12.00
# Visual Studio 15
VisualStudioVersion = 15.0.28307.102
MinimumVisualStudioVersion = 10.0.40219.1
Project("{FAE04EC0-301F-11D3-BF4B-00C04F79EFBC}") = "NapredneKontrole", "NapredneKontrole.csproj", "{00F93BC5-07F9-4FBC-9422-B07AA8A08DE1}"
EndProject
Global
	GlobalSection(SolutionConfigurationPlatforms) = preSolution
		Debug|x86 = Debug|x86
		Release|x86 = Release|x86
	EndGlobalSection
	GlobalSection(ProjectConfigurationPlatforms) = postSolution
		{00F93BC5-07F9-4FBC-9422-B07AA8A08DE1}.Debug|x86.ActiveCfg = Debug|x86
		{00F93BC5-07F9-4FBC-9422-B07AA8A08DE1}.Debug|x86.Build.0 = Debug|x86
		{00F93BC5-07F9-4FBC-9422-B07AA8A08DE1}.Release|x86.ActiveCfg = Release|x86
		{00F93BC5-07F9-4FBC-9422-B07AA8A08DE1}.Release|x86.Build.0 = Release|x86
	EndGlobalSection
	GlobalSection(SolutionProperties) = preSolution
		HideSolutionNode = FALSE
	EndGlobalSection
	GlobalSection(ExtensibilityGlobals) = postSolution
		SolutionGuid = {84DD0917-C92A-4073-AFB1-7DF38AF06C6E}
	EndGlobalSection
EndGlobal
